
Microsoft Visual Studio Solution File, Format Version 12.00
# Visual Studio Version 17
VisualStudioVersion = 17.0.31903.59
MinimumVisualStudioVersion = 10.0.40219.1
Project("{FAE04EC0-301F-11D3-BF4B-00C04F79EFBC}") = "API", "API\API.csproj", "{DD5E7E5C-6CC9-47F1-B577-F26974EC8D68}"
EndProject
Project("{FAE04EC0-301F-11D3-BF4B-00C04F79EFBC}") = "Application", "Application\Application.csproj", "{164BAB23-58F2-44CE-8AB3-E8326881F186}"
EndProject
Project("{FAE04EC0-301F-11D3-BF4B-00C04F79EFBC}") = "Domain", "Domain\Domain.csproj", "{DE032EEC-6756-4991-8B59-CDFD9092A1F5}"
EndProject
Project("{FAE04EC0-301F-11D3-BF4B-00C04F79EFBC}") = "Infrastructure", "Infrastructure\Infrastructure.csproj", "{E8B7786C-4CBA-4EB7-912A-AC148DFE89AE}"
EndProject
Project("{FAE04EC0-301F-11D3-BF4B-00C04F79EFBC}") = "AppHost", "Aspire\AppHost\AppHost.csproj", "{B74BA4CD-CEFD-467B-A371-CDA7476F5F42}"
EndProject
Project("{FAE04EC0-301F-11D3-BF4B-00C04F79EFBC}") = "ServiceDefaults", "Aspire\ServiceDefaults\ServiceDefaults.csproj", "{62DC5103-8841-DB32-41C0-219631D892FA}"
EndProject
Project("{2150E333-8FDC-42A3-9474-1A3956D46DE8}") = "src", "src", "{02EA681E-C7D8-13C7-8484-4AC65E1B71E8}"
EndProject
Project("{2150E333-8FDC-42A3-9474-1A3956D46DE8}") = "aspire", "aspire", "{36B87C9D-140B-479C-A2C7-6B10B4A242A0}"
EndProject
Project("{E53339B2-1760-4266-BCC7-CA923CBCF16C}") = "docker-compose", "docker-compose.dcproj", "{81DDED9D-158B-E303-5F62-77A2896D2A5A}"
EndProject
Global
	GlobalSection(SolutionConfigurationPlatforms) = preSolution
		Debug|Any CPU = Debug|Any CPU
		Debug|x64 = Debug|x64
		Release|Any CPU = Release|Any CPU
		Release|x64 = Release|x64
	EndGlobalSection
	GlobalSection(ProjectConfigurationPlatforms) = postSolution
		{DD5E7E5C-6CC9-47F1-B577-F26974EC8D68}.Debug|Any CPU.ActiveCfg = Debug|Any CPU
		{DD5E7E5C-6CC9-47F1-B577-F26974EC8D68}.Debug|Any CPU.Build.0 = Debug|Any CPU
		{DD5E7E5C-6CC9-47F1-B577-F26974EC8D68}.Debug|x64.ActiveCfg = Debug|Any CPU
		{DD5E7E5C-6CC9-47F1-B577-F26974EC8D68}.Debug|x64.Build.0 = Debug|Any CPU
		{DD5E7E5C-6CC9-47F1-B577-F26974EC8D68}.Release|Any CPU.ActiveCfg = Release|Any CPU
		{DD5E7E5C-6CC9-47F1-B577-F26974EC8D68}.Release|Any CPU.Build.0 = Release|Any CPU
		{DD5E7E5C-6CC9-47F1-B577-F26974EC8D68}.Release|x64.ActiveCfg = Release|Any CPU
		{DD5E7E5C-6CC9-47F1-B577-F26974EC8D68}.Release|x64.Build.0 = Release|Any CPU
		{164BAB23-58F2-44CE-8AB3-E8326881F186}.Debug|Any CPU.ActiveCfg = Debug|Any CPU
		{164BAB23-58F2-44CE-8AB3-E8326881F186}.Debug|Any CPU.Build.0 = Debug|Any CPU
		{164BAB23-58F2-44CE-8AB3-E8326881F186}.Debug|x64.ActiveCfg = Debug|Any CPU
		{164BAB23-58F2-44CE-8AB3-E8326881F186}.Debug|x64.Build.0 = Debug|Any CPU
		{164BAB23-58F2-44CE-8AB3-E8326881F186}.Release|Any CPU.ActiveCfg = Release|Any CPU
		{164BAB23-58F2-44CE-8AB3-E8326881F186}.Release|Any CPU.Build.0 = Release|Any CPU
		{164BAB23-58F2-44CE-8AB3-E8326881F186}.Release|x64.ActiveCfg = Release|Any CPU
		{164BAB23-58F2-44CE-8AB3-E8326881F186}.Release|x64.Build.0 = Release|Any CPU
		{DE032EEC-6756-4991-8B59-CDFD9092A1F5}.Debug|Any CPU.ActiveCfg = Debug|Any CPU
		{DE032EEC-6756-4991-8B59-CDFD9092A1F5}.Debug|Any CPU.Build.0 = Debug|Any CPU
		{DE032EEC-6756-4991-8B59-CDFD9092A1F5}.Debug|x64.ActiveCfg = Debug|Any CPU
		{DE032EEC-6756-4991-8B59-CDFD9092A1F5}.Debug|x64.Build.0 = Debug|Any CPU
		{DE032EEC-6756-4991-8B59-CDFD9092A1F5}.Release|Any CPU.ActiveCfg = Release|Any CPU
		{DE032EEC-6756-4991-8B59-CDFD9092A1F5}.Release|Any CPU.Build.0 = Release|Any CPU
		{DE032EEC-6756-4991-8B59-CDFD9092A1F5}.Release|x64.ActiveCfg = Release|Any CPU
		{DE032EEC-6756-4991-8B59-CDFD9092A1F5}.Release|x64.Build.0 = Release|Any CPU
		{E8B7786C-4CBA-4EB7-912A-AC148DFE89AE}.Debug|Any CPU.ActiveCfg = Debug|Any CPU
		{E8B7786C-4CBA-4EB7-912A-AC148DFE89AE}.Debug|Any CPU.Build.0 = Debug|Any CPU
		{E8B7786C-4CBA-4EB7-912A-AC148DFE89AE}.Debug|x64.ActiveCfg = Debug|Any CPU
		{E8B7786C-4CBA-4EB7-912A-AC148DFE89AE}.Debug|x64.Build.0 = Debug|Any CPU
		{E8B7786C-4CBA-4EB7-912A-AC148DFE89AE}.Release|Any CPU.ActiveCfg = Release|Any CPU
		{E8B7786C-4CBA-4EB7-912A-AC148DFE89AE}.Release|Any CPU.Build.0 = Release|Any CPU
		{E8B7786C-4CBA-4EB7-912A-AC148DFE89AE}.Release|x64.ActiveCfg = Release|Any CPU
		{E8B7786C-4CBA-4EB7-912A-AC148DFE89AE}.Release|x64.Build.0 = Release|Any CPU
		{B74BA4CD-CEFD-467B-A371-CDA7476F5F42}.Debug|Any CPU.ActiveCfg = Debug|Any CPU
		{B74BA4CD-CEFD-467B-A371-CDA7476F5F42}.Debug|Any CPU.Build.0 = Debug|Any CPU
		{B74BA4CD-CEFD-467B-A371-CDA7476F5F42}.Debug|x64.ActiveCfg = Debug|Any CPU
		{B74BA4CD-CEFD-467B-A371-CDA7476F5F42}.Debug|x64.Build.0 = Debug|Any CPU
		{B74BA4CD-CEFD-467B-A371-CDA7476F5F42}.Release|Any CPU.ActiveCfg = Release|Any CPU
		{B74BA4CD-CEFD-467B-A371-CDA7476F5F42}.Release|Any CPU.Build.0 = Release|Any CPU
		{B74BA4CD-CEFD-467B-A371-CDA7476F5F42}.Release|x64.ActiveCfg = Release|Any CPU
		{B74BA4CD-CEFD-467B-A371-CDA7476F5F42}.Release|x64.Build.0 = Release|Any CPU
		{62DC5103-8841-DB32-41C0-219631D892FA}.Debug|Any CPU.ActiveCfg = Debug|Any CPU
		{62DC5103-8841-DB32-41C0-219631D892FA}.Debug|Any CPU.Build.0 = Debug|Any CPU
		{62DC5103-8841-DB32-41C0-219631D892FA}.Debug|x64.ActiveCfg = Debug|Any CPU
		{62DC5103-8841-DB32-41C0-219631D892FA}.Debug|x64.Build.0 = Debug|Any CPU
		{62DC5103-8841-DB32-41C0-219631D892FA}.Release|Any CPU.ActiveCfg = Release|Any CPU
		{62DC5103-8841-DB32-41C0-219631D892FA}.Release|Any CPU.Build.0 = Release|Any CPU
		{62DC5103-8841-DB32-41C0-219631D892FA}.Release|x64.ActiveCfg = Release|Any CPU
		{62DC5103-8841-DB32-41C0-219631D892FA}.Release|x64.Build.0 = Release|Any CPU
		{81DDED9D-158B-E303-5F62-77A2896D2A5A}.Debug|Any CPU.ActiveCfg = Debug|Any CPU
		{81DDED9D-158B-E303-5F62-77A2896D2A5A}.Debug|Any CPU.Build.0 = Debug|Any CPU
		{81DDED9D-158B-E303-5F62-77A2896D2A5A}.Debug|x64.ActiveCfg = Debug|Any CPU
		{81DDED9D-158B-E303-5F62-77A2896D2A5A}.Debug|x64.Build.0 = Debug|Any CPU
		{81DDED9D-158B-E303-5F62-77A2896D2A5A}.Release|Any CPU.ActiveCfg = Release|Any CPU
		{81DDED9D-158B-E303-5F62-77A2896D2A5A}.Release|Any CPU.Build.0 = Release|Any CPU
		{81DDED9D-158B-E303-5F62-77A2896D2A5A}.Release|x64.ActiveCfg = Release|Any CPU
		{81DDED9D-158B-E303-5F62-77A2896D2A5A}.Release|x64.Build.0 = Release|Any CPU
	EndGlobalSection
	GlobalSection(SolutionProperties) = preSolution
		HideSolutionNode = FALSE
	EndGlobalSection
	GlobalSection(NestedProjects) = preSolution
		{DD5E7E5C-6CC9-47F1-B577-F26974EC8D68} = {02EA681E-C7D8-13C7-8484-4AC65E1B71E8}
		{164BAB23-58F2-44CE-8AB3-E8326881F186} = {02EA681E-C7D8-13C7-8484-4AC65E1B71E8}
		{DE032EEC-6756-4991-8B59-CDFD9092A1F5} = {02EA681E-C7D8-13C7-8484-4AC65E1B71E8}
		{E8B7786C-4CBA-4EB7-912A-AC148DFE89AE} = {02EA681E-C7D8-13C7-8484-4AC65E1B71E8}
		{B74BA4CD-CEFD-467B-A371-CDA7476F5F42} = {36B87C9D-140B-479C-A2C7-6B10B4A242A0}
		{62DC5103-8841-DB32-41C0-219631D892FA} = {36B87C9D-140B-479C-A2C7-6B10B4A242A0}
	EndGlobalSection
	GlobalSection(ExtensibilityGlobals) = postSolution
		SolutionGuid = {C0319161-46AD-4423-AA34-7F291E925B16}
	EndGlobalSection
EndGlobal
