
Microsoft Visual Studio Solution File, Format Version 12.00
# Visual Studio Version 17
VisualStudioVersion = 17.0.31903.59
MinimumVisualStudioVersion = 10.0.40219.1
Project("{FAE04EC0-301F-11D3-BF4B-00C04F79EFBC}") = "API", "API\API.csproj", "{DD5E7E5C-6CC9-47F1-B577-F26974EC8D68}"
EndProject
Project("{FAE04EC0-301F-11D3-BF4B-00C04F79EFBC}") = "Application", "Application\Application.csproj", "{164BAB23-58F2-44CE-8AB3-E8326881F186}"
EndProject
Project("{FAE04EC0-301F-11D3-BF4B-00C04F79EFBC}") = "Domain", "Domain\Domain.csproj", "{DE032EEC-6756-4991-8B59-CDFD9092A1F5}"
EndProject
Project("{FAE04EC0-301F-11D3-BF4B-00C04F79EFBC}") = "Infrastructure", "Infrastructure\Infrastructure.csproj", "{E8B7786C-4CBA-4EB7-912A-AC148DFE89AE}"
EndProject
Global
	GlobalSection(SolutionConfigurationPlatforms) = preSolution
		Debug|Any CPU = Debug|Any CPU
		Release|Any CPU = Release|Any CPU
	EndGlobalSection
	GlobalSection(ProjectConfigurationPlatforms) = postSolution
		{DD5E7E5C-6CC9-47F1-B577-F26974EC8D68}.Debug|Any CPU.ActiveCfg = Debug|Any CPU
		{DD5E7E5C-6CC9-47F1-B577-F26974EC8D68}.Debug|Any CPU.Build.0 = Debug|Any CPU
		{DD5E7E5C-6CC9-47F1-B577-F26974EC8D68}.Release|Any CPU.ActiveCfg = Release|Any CPU
		{DD5E7E5C-6CC9-47F1-B577-F26974EC8D68}.Release|Any CPU.Build.0 = Release|Any CPU
		{164BAB23-58F2-44CE-8AB3-E8326881F186}.Debug|Any CPU.ActiveCfg = Debug|Any CPU
		{164BAB23-58F2-44CE-8AB3-E8326881F186}.Debug|Any CPU.Build.0 = Debug|Any CPU
		{164BAB23-58F2-44CE-8AB3-E8326881F186}.Release|Any CPU.ActiveCfg = Release|Any CPU
		{164BAB23-58F2-44CE-8AB3-E8326881F186}.Release|Any CPU.Build.0 = Release|Any CPU
		{DE032EEC-6756-4991-8B59-CDFD9092A1F5}.Debug|Any CPU.ActiveCfg = Debug|Any CPU
		{DE032EEC-6756-4991-8B59-CDFD9092A1F5}.Debug|Any CPU.Build.0 = Debug|Any CPU
		{DE032EEC-6756-4991-8B59-CDFD9092A1F5}.Release|Any CPU.ActiveCfg = Release|Any CPU
		{DE032EEC-6756-4991-8B59-CDFD9092A1F5}.Release|Any CPU.Build.0 = Release|Any CPU
		{E8B7786C-4CBA-4EB7-912A-AC148DFE89AE}.Debug|Any CPU.ActiveCfg = Debug|Any CPU
		{E8B7786C-4CBA-4EB7-912A-AC148DFE89AE}.Debug|Any CPU.Build.0 = Debug|Any CPU
		{E8B7786C-4CBA-4EB7-912A-AC148DFE89AE}.Release|Any CPU.ActiveCfg = Release|Any CPU
		{E8B7786C-4CBA-4EB7-912A-AC148DFE89AE}.Release|Any CPU.Build.0 = Release|Any CPU
	EndGlobalSection
	GlobalSection(SolutionProperties) = preSolution
		HideSolutionNode = FALSE
	EndGlobalSection
	GlobalSection(ExtensibilityGlobals) = postSolution
		SolutionGuid = {C0319161-46AD-4423-AA34-7F291E925B16}
	EndGlobalSection
EndGlobal
